{
  "name": "dsa",
  "version": "1.0.0",
  "lockfileVersion": 1,
  "requires": true,
  "dependencies": {
    "prando": {
      "version": "5.1.1",
      "resolved": "https://registry.npmjs.org/prando/-/prando-5.1.1.tgz",
      "integrity": "sha512-KstlnYTOUs+3DJWaVZGmdpBh9Y2fHhPPB+BkxfZ7ZWb8qqUfDxBz/QC4pXNwGEYWtkjMaCuBWDPDUQ5BZQksEA=="
    }
  }
}
